
Microsoft Visual Studio Solution File, Format Version 12.00
# Visual Studio 14
VisualStudioVersion = 14.0.25420.1
MinimumVisualStudioVersion = 10.0.40219.1
Project("{FAE04EC0-301F-11D3-BF4B-00C04F79EFBC}") = "BKE.WindowsForms", "BKE.WindowsForms\BKE.WindowsForms.csproj", "{F3A7FB5C-5A30-4306-84EF-AD82E988A75B}"
EndProject
Project("{2150E333-8FDC-42A3-9474-1A3956D46DE8}") = "lib", "lib", "{46DB140F-1E5A-4290-943A-9F91FC5A20E0}"
EndProject
Project("{2150E333-8FDC-42A3-9474-1A3956D46DE8}") = "Tests", "Tests", "{D0AFF4F7-256A-413A-AB5C-75C97C898BF2}"
EndProject
Project("{FAE04EC0-301F-11D3-BF4B-00C04F79EFBC}") = "BKE.AllTogether", "BKE.AllTogether\BKE.AllTogether.csproj", "{5489BF05-72E1-4FB7-828F-FCC34E7B3410}"
EndProject
Project("{FAE04EC0-301F-11D3-BF4B-00C04F79EFBC}") = "BKE.AllTogether.Tests", "BKE.AllTogether.Tests\BKE.AllTogether.Tests.csproj", "{216FAA55-C1D4-4AA8-B6AF-851EC6D5D4C0}"
EndProject
Project("{2150E333-8FDC-42A3-9474-1A3956D46DE8}") = "src", "src", "{DE67649D-CA9B-4AF1-B5BF-0C20F0FC99EE}"
EndProject
Project("{FAE04EC0-301F-11D3-BF4B-00C04F79EFBC}") = "GameLibrary", "GameLibrary\GameLibrary.csproj", "{135D13D2-8AD6-42A9-AD72-A43A737FB973}"
EndProject
Project("{FAE04EC0-301F-11D3-BF4B-00C04F79EFBC}") = "GameLibrary.Tests", "GameLibrary.Tests\GameLibrary.Tests.csproj", "{2EAFCECB-E6A1-4989-802D-375F55997FB8}"
EndProject
Global
	GlobalSection(SolutionConfigurationPlatforms) = preSolution
		Debug|Any CPU = Debug|Any CPU
		Release|Any CPU = Release|Any CPU
	EndGlobalSection
	GlobalSection(ProjectConfigurationPlatforms) = postSolution
		{F3A7FB5C-5A30-4306-84EF-AD82E988A75B}.Debug|Any CPU.ActiveCfg = Debug|Any CPU
		{F3A7FB5C-5A30-4306-84EF-AD82E988A75B}.Debug|Any CPU.Build.0 = Debug|Any CPU
		{F3A7FB5C-5A30-4306-84EF-AD82E988A75B}.Release|Any CPU.ActiveCfg = Release|Any CPU
		{F3A7FB5C-5A30-4306-84EF-AD82E988A75B}.Release|Any CPU.Build.0 = Release|Any CPU
		{5489BF05-72E1-4FB7-828F-FCC34E7B3410}.Debug|Any CPU.ActiveCfg = Debug|Any CPU
		{5489BF05-72E1-4FB7-828F-FCC34E7B3410}.Debug|Any CPU.Build.0 = Debug|Any CPU
		{5489BF05-72E1-4FB7-828F-FCC34E7B3410}.Release|Any CPU.ActiveCfg = Release|Any CPU
		{5489BF05-72E1-4FB7-828F-FCC34E7B3410}.Release|Any CPU.Build.0 = Release|Any CPU
		{216FAA55-C1D4-4AA8-B6AF-851EC6D5D4C0}.Debug|Any CPU.ActiveCfg = Debug|Any CPU
		{216FAA55-C1D4-4AA8-B6AF-851EC6D5D4C0}.Debug|Any CPU.Build.0 = Debug|Any CPU
		{216FAA55-C1D4-4AA8-B6AF-851EC6D5D4C0}.Release|Any CPU.ActiveCfg = Release|Any CPU
		{216FAA55-C1D4-4AA8-B6AF-851EC6D5D4C0}.Release|Any CPU.Build.0 = Release|Any CPU
		{135D13D2-8AD6-42A9-AD72-A43A737FB973}.Debug|Any CPU.ActiveCfg = Debug|Any CPU
		{135D13D2-8AD6-42A9-AD72-A43A737FB973}.Debug|Any CPU.Build.0 = Debug|Any CPU
		{135D13D2-8AD6-42A9-AD72-A43A737FB973}.Release|Any CPU.ActiveCfg = Release|Any CPU
		{135D13D2-8AD6-42A9-AD72-A43A737FB973}.Release|Any CPU.Build.0 = Release|Any CPU
		{2EAFCECB-E6A1-4989-802D-375F55997FB8}.Debug|Any CPU.ActiveCfg = Debug|Any CPU
		{2EAFCECB-E6A1-4989-802D-375F55997FB8}.Debug|Any CPU.Build.0 = Debug|Any CPU
		{2EAFCECB-E6A1-4989-802D-375F55997FB8}.Release|Any CPU.ActiveCfg = Release|Any CPU
		{2EAFCECB-E6A1-4989-802D-375F55997FB8}.Release|Any CPU.Build.0 = Release|Any CPU
	EndGlobalSection
	GlobalSection(SolutionProperties) = preSolution
		HideSolutionNode = FALSE
	EndGlobalSection
	GlobalSection(NestedProjects) = preSolution
		{216FAA55-C1D4-4AA8-B6AF-851EC6D5D4C0} = {D0AFF4F7-256A-413A-AB5C-75C97C898BF2}
		{135D13D2-8AD6-42A9-AD72-A43A737FB973} = {DE67649D-CA9B-4AF1-B5BF-0C20F0FC99EE}
		{2EAFCECB-E6A1-4989-802D-375F55997FB8} = {D0AFF4F7-256A-413A-AB5C-75C97C898BF2}
	EndGlobalSection
EndGlobal
